
Microsoft Visual Studio Solution File, Format Version 12.00
# Visual Studio Version 16
VisualStudioVersion = 16.0.31624.102
MinimumVisualStudioVersion = 10.0.40219.1
Project("{FAE04EC0-301F-11D3-BF4B-00C04F79EFBC}") = "CursoCSharp", "CursoCSharp\CursoCSharp.csproj", "{3BA4588B-C177-4C26-BE52-AA1A46780FDC}"
EndProject
Global
	GlobalSection(SolutionConfigurationPlatforms) = preSolution
		Debug|Any CPU = Debug|Any CPU
		Release|Any CPU = Release|Any CPU
	EndGlobalSection
	GlobalSection(ProjectConfigurationPlatforms) = postSolution
		{3BA4588B-C177-4C26-BE52-AA1A46780FDC}.Debug|Any CPU.ActiveCfg = Debug|Any CPU
		{3BA4588B-C177-4C26-BE52-AA1A46780FDC}.Debug|Any CPU.Build.0 = Debug|Any CPU
		{3BA4588B-C177-4C26-BE52-AA1A46780FDC}.Release|Any CPU.ActiveCfg = Release|Any CPU
		{3BA4588B-C177-4C26-BE52-AA1A46780FDC}.Release|Any CPU.Build.0 = Release|Any CPU
	EndGlobalSection
	GlobalSection(SolutionProperties) = preSolution
		HideSolutionNode = FALSE
	EndGlobalSection
	GlobalSection(ExtensibilityGlobals) = postSolution
		SolutionGuid = {C82E8E0F-09A7-4B08-AA32-4FE3275F8528}
	EndGlobalSection
EndGlobal
